
Microsoft Visual Studio Solution File, Format Version 12.00
# Visual Studio 15
VisualStudioVersion = 15.0.27428.2037
MinimumVisualStudioVersion = 10.0.40219.1
Project("{FAE04EC0-301F-11D3-BF4B-00C04F79EFBC}") = "ShowHidePasswordPractice", "ShowHidePasswordPractice\ShowHidePasswordPractice.csproj", "{C1AA5590-04C0-418D-AF33-98E42B85644F}"
EndProject
Global
	GlobalSection(SolutionConfigurationPlatforms) = preSolution
		Debug|Any CPU = Debug|Any CPU
		Release|Any CPU = Release|Any CPU
	EndGlobalSection
	GlobalSection(ProjectConfigurationPlatforms) = postSolution
		{C1AA5590-04C0-418D-AF33-98E42B85644F}.Debug|Any CPU.ActiveCfg = Debug|Any CPU
		{C1AA5590-04C0-418D-AF33-98E42B85644F}.Debug|Any CPU.Build.0 = Debug|Any CPU
		{C1AA5590-04C0-418D-AF33-98E42B85644F}.Release|Any CPU.ActiveCfg = Release|Any CPU
		{C1AA5590-04C0-418D-AF33-98E42B85644F}.Release|Any CPU.Build.0 = Release|Any CPU
	EndGlobalSection
	GlobalSection(SolutionProperties) = preSolution
		HideSolutionNode = FALSE
	EndGlobalSection
	GlobalSection(ExtensibilityGlobals) = postSolution
		SolutionGuid = {BB643E6F-C794-4D88-8D3D-A3BF1A997B76}
	EndGlobalSection
EndGlobal
